// !$*UTF8*$!
{
	archiveVersion = 1;
	classes = {
	};
	objectVersion = 55;
	objects = {

/* Begin PBXBuildFile section */
		C7F14652283A7A8B000B65BC /* ElectTaskApp.swift in Sources */ = {isa = PBXBuildFile; fileRef = C7F14651283A7A8B000B65BC /* ElectTaskApp.swift */; };
		C7F14656283A7A8E000B65BC /* Assets.xcassets in Resources */ = {isa = PBXBuildFile; fileRef = C7F14655283A7A8E000B65BC /* Assets.xcassets */; };
		C7F14659283A7A8E000B65BC /* Preview Assets.xcassets in Resources */ = {isa = PBXBuildFile; fileRef = C7F14658283A7A8E000B65BC /* Preview Assets.xcassets */; };
		C7F14661283AA4D1000B65BC /* FlickrMainView.swift in Sources */ = {isa = PBXBuildFile; fileRef = C7F14660283AA4D1000B65BC /* FlickrMainView.swift */; };
		C7F14665283AA5B8000B65BC /* FlickrViewModel.swift in Sources */ = {isa = PBXBuildFile; fileRef = C7F14664283AA5B8000B65BC /* FlickrViewModel.swift */; };
		C7F14667283AAC40000B65BC /* FlickerSearchBarView.swift in Sources */ = {isa = PBXBuildFile; fileRef = C7F14666283AAC40000B65BC /* FlickerSearchBarView.swift */; };
		C7F14669283AACF9000B65BC /* FlickrPhotosGridView.swift in Sources */ = {isa = PBXBuildFile; fileRef = C7F14668283AACF9000B65BC /* FlickrPhotosGridView.swift */; };
		C7F1466B283AC041000B65BC /* FlickrPhoto.swift in Sources */ = {isa = PBXBuildFile; fileRef = C7F1466A283AC041000B65BC /* FlickrPhoto.swift */; };
/* End PBXBuildFile section */

/* Begin PBXFileReference section */
		C7F1464E283A7A8B000B65BC /* ElectTask.app */ = {isa = PBXFileReference; explicitFileType = wrapper.application; includeInIndex = 0; path = ElectTask.app; sourceTree = BUILT_PRODUCTS_DIR; };
		C7F14651283A7A8B000B65BC /* ElectTaskApp.swift */ = {isa = PBXFileReference; lastKnownFileType = sourcecode.swift; path = ElectTaskApp.swift; sourceTree = "<group>"; };
		C7F14655283A7A8E000B65BC /* Assets.xcassets */ = {isa = PBXFileReference; lastKnownFileType = folder.assetcatalog; path = Assets.xcassets; sourceTree = "<group>"; };
		C7F14658283A7A8E000B65BC /* Preview Assets.xcassets */ = {isa = PBXFileReference; lastKnownFileType = folder.assetcatalog; path = "Preview Assets.xcassets"; sourceTree = "<group>"; };
		C7F14660283AA4D1000B65BC /* FlickrMainView.swift */ = {isa = PBXFileReference; lastKnownFileType = sourcecode.swift; path = FlickrMainView.swift; sourceTree = "<group>"; };
		C7F14664283AA5B8000B65BC /* FlickrViewModel.swift */ = {isa = PBXFileReference; lastKnownFileType = sourcecode.swift; path = FlickrViewModel.swift; sourceTree = "<group>"; };
		C7F14666283AAC40000B65BC /* FlickerSearchBarView.swift */ = {isa = PBXFileReference; lastKnownFileType = sourcecode.swift; path = FlickerSearchBarView.swift; sourceTree = "<group>"; };
		C7F14668283AACF9000B65BC /* FlickrPhotosGridView.swift */ = {isa = PBXFileReference; lastKnownFileType = sourcecode.swift; path = FlickrPhotosGridView.swift; sourceTree = "<group>"; };
		C7F1466A283AC041000B65BC /* FlickrPhoto.swift */ = {isa = PBXFileReference; lastKnownFileType = sourcecode.swift; path = FlickrPhoto.swift; sourceTree = "<group>"; };
/* End PBXFileReference section */

/* Begin PBXFrameworksBuildPhase section */
		C7F1464B283A7A8B000B65BC /* Frameworks */ = {
			isa = PBXFrameworksBuildPhase;
			buildActionMask = 2147483647;
			files = (
			);
			runOnlyForDeploymentPostprocessing = 0;
		};
/* End PBXFrameworksBuildPhase section */

/* Begin PBXGroup section */
		C7F14645283A7A8B000B65BC = {
			isa = PBXGroup;
			children = (
				C7F14650283A7A8B000B65BC /* ElectTask */,
				C7F1464F283A7A8B000B65BC /* Products */,
			);
			sourceTree = "<group>";
		};
		C7F1464F283A7A8B000B65BC /* Products */ = {
			isa = PBXGroup;
			children = (
				C7F1464E283A7A8B000B65BC /* ElectTask.app */,
			);
			name = Products;
			sourceTree = "<group>";
		};
		C7F14650283A7A8B000B65BC /* ElectTask */ = {
			isa = PBXGroup;
			children = (
				C7F14660283AA4D1000B65BC /* FlickrMainView.swift */,
				C7F14666283AAC40000B65BC /* FlickerSearchBarView.swift */,
				C7F14668283AACF9000B65BC /* FlickrPhotosGridView.swift */,
				C7F14664283AA5B8000B65BC /* FlickrViewModel.swift */,
				C7F1466A283AC041000B65BC /* FlickrPhoto.swift */,
				C7F14651283A7A8B000B65BC /* ElectTaskApp.swift */,
				C7F14655283A7A8E000B65BC /* Assets.xcassets */,
				C7F14657283A7A8E000B65BC /* Preview Content */,
			);
			path = ElectTask;
			sourceTree = "<group>";
		};
		C7F14657283A7A8E000B65BC /* Preview Content */ = {
			isa = PBXGroup;
			children = (
				C7F14658283A7A8E000B65BC /* Preview Assets.xcassets */,
			);
			path = "Preview Content";
			sourceTree = "<group>";
		};
/* End PBXGroup section */

/* Begin PBXNativeTarget section */
		C7F1464D283A7A8B000B65BC /* ElectTask */ = {
			isa = PBXNativeTarget;
			buildConfigurationList = C7F1465C283A7A8E000B65BC /* Build configuration list for PBXNativeTarget "ElectTask" */;
			buildPhases = (
				C7F1464A283A7A8B000B65BC /* Sources */,
				C7F1464B283A7A8B000B65BC /* Frameworks */,
				C7F1464C283A7A8B000B65BC /* Resources */,
			);
			buildRules = (
			);
			dependencies = (
			);
			name = ElectTask;
			productName = ElectTask;
			productReference = C7F1464E283A7A8B000B65BC /* ElectTask.app */;
			productType = "com.apple.product-type.application";
		};
/* End PBXNativeTarget section */

/* Begin PBXProject section */
		C7F14646283A7A8B000B65BC /* Project object */ = {
			isa = PBXProject;
			attributes = {
				BuildIndependentTargetsInParallel = 1;
				LastSwiftUpdateCheck = 1340;
				LastUpgradeCheck = 1340;
				TargetAttributes = {
					C7F1464D283A7A8B000B65BC = {
						CreatedOnToolsVersion = 13.4;
					};
				};
			};
			buildConfigurationList = C7F14649283A7A8B000B65BC /* Build configuration list for PBXProject "ElectTask" */;
			compatibilityVersion = "Xcode 13.0";
			developmentRegion = en;
			hasScannedForEncodings = 0;
			knownRegions = (
				en,
				Base,
			);
			mainGroup = C7F14645283A7A8B000B65BC;
			productRefGroup = C7F1464F283A7A8B000B65BC /* Products */;
			projectDirPath = "";
			projectRoot = "";
			targets = (
				C7F1464D283A7A8B000B65BC /* ElectTask */,
			);
		};
/* End PBXProject section */

/* Begin PBXResourcesBuildPhase section */
		C7F1464C283A7A8B000B65BC /* Resources */ = {
			isa = PBXResourcesBuildPhase;
			buildActionMask = 2147483647;
			files = (
				C7F14659283A7A8E000B65BC /* Preview Assets.xcassets in Resources */,
				C7F14656283A7A8E000B65BC /* Assets.xcassets in Resources */,
			);
			runOnlyForDeploymentPostprocessing = 0;
		};
/* End PBXResourcesBuildPhase section */

/* Begin PBXSourcesBuildPhase section */
		C7F1464A283A7A8B000B65BC /* Sources */ = {
			isa = PBXSourcesBuildPhase;
			buildActionMask = 2147483647;
			files = (
				C7F14652283A7A8B000B65BC /* ElectTaskApp.swift in Sources */,
				C7F1466B283AC041000B65BC /* FlickrPhoto.swift in Sources */,
				C7F14665283AA5B8000B65BC /* FlickrViewModel.swift in Sources */,
				C7F14669283AACF9000B65BC /* FlickrPhotosGridView.swift in Sources */,
				C7F14667283AAC40000B65BC /* FlickerSearchBarView.swift in Sources */,
				C7F14661283AA4D1000B65BC /* FlickrMainView.swift in Sources */,
			);
			runOnlyForDeploymentPostprocessing = 0;
		};
/* End PBXSourcesBuildPhase section */

/* Begin XCBuildConfiguration section */
		C7F1465A283A7A8E000B65BC /* Debug */ = {
			isa = XCBuildConfiguration;
			buildSettings = {
				ALWAYS_SEARCH_USER_PATHS = NO;
				CLANG_ANALYZER_NONNULL = YES;
				CLANG_ANALYZER_NUMBER_OBJECT_CONVERSION = YES_AGGRESSIVE;
				CLANG_CXX_LANGUAGE_STANDARD = "gnu++17";
				CLANG_ENABLE_MODULES = YES;
				CLANG_ENABLE_OBJC_ARC = YES;
				CLANG_ENABLE_OBJC_WEAK = YES;
				CLANG_WARN_BLOCK_CAPTURE_AUTORELEASING = YES;
				CLANG_WARN_BOOL_CONVERSION = YES;
				CLANG_WARN_COMMA = YES;
				CLANG_WARN_CONSTANT_CONVERSION = YES;
				CLANG_WARN_DEPRECATED_OBJC_IMPLEMENTATIONS = YES;
				CLANG_WARN_DIRECT_OBJC_ISA_USAGE = YES_ERROR;
				CLANG_WARN_DOCUMENTATION_COMMENTS = YES;
				CLANG_WARN_EMPTY_BODY = YES;
				CLANG_WARN_ENUM_CONVERSION = YES;
				CLANG_WARN_INFINITE_RECURSION = YES;
				CLANG_WARN_INT_CONVERSION = YES;
				CLANG_WARN_NON_LITERAL_NULL_CONVERSION = YES;
				CLANG_WARN_OBJC_IMPLICIT_RETAIN_SELF = YES;
				CLANG_WARN_OBJC_LITERAL_CONVERSION = YES;
				CLANG_WARN_OBJC_ROOT_CLASS = YES_ERROR;
				CLANG_WARN_QUOTED_INCLUDE_IN_FRAMEWORK_HEADER = YES;
				CLANG_WARN_RANGE_LOOP_ANALYSIS = YES;
				CLANG_WARN_STRICT_PROTOTYPES = YES;
				CLANG_WARN_SUSPICIOUS_MOVE = YES;
				CLANG_WARN_UNGUARDED_AVAILABILITY = YES_AGGRESSIVE;
				CLANG_WARN_UNREACHABLE_CODE = YES;
				CLANG_WARN__DUPLICATE_METHOD_MATCH = YES;
				COPY_PHASE_STRIP = NO;
				DEBUG_INFORMATION_FORMAT = dwarf;
				ENABLE_STRICT_OBJC_MSGSEND = YES;
				ENABLE_TESTABILITY = YES;
				GCC_C_LANGUAGE_STANDARD = gnu11;
				GCC_DYNAMIC_NO_PIC = NO;
				GCC_NO_COMMON_BLOCKS = YES;
				GCC_OPTIMIZATION_LEVEL = 0;
				GCC_PREPROCESSOR_DEFINITIONS = (
					"DEBUG=1",
					"$(inherited)",
				);
				GCC_WARN_64_TO_32_BIT_CONVERSION = YES;
				GCC_WARN_ABOUT_RETURN_TYPE = YES_ERROR;
				GCC_WARN_UNDECLARED_SELECTOR = YES;
				GCC_WARN_UNINITIALIZED_AUTOS = YES_AGGRESSIVE;
				GCC_WARN_UNUSED_FUNCTION = YES;
				GCC_WARN_UNUSED_VARIABLE = YES;
				IPHONEOS_DEPLOYMENT_TARGET = 15.5;
				MTL_ENABLE_DEBUG_INFO = INCLUDE_SOURCE;
				MTL_FAST_MATH = YES;
				ONLY_ACTIVE_ARCH = YES;
				SDKROOT = iphoneos;
				SWIFT_ACTIVE_COMPILATION_CONDITIONS = DEBUG;
				SWIFT_OPTIMIZATION_LEVEL = "-Onone";
			};
			name = Debug;
		};
		C7F1465B283A7A8E000B65BC /* Release */ = {
			isa = XCBuildConfiguration;
			buildSettings = {
				ALWAYS_SEARCH_USER_PATHS = NO;
				CLANG_ANALYZER_NONNULL = YES;
				CLANG_ANALYZER_NUMBER_OBJECT_CONVERSION = YES_AGGRESSIVE;
				CLANG_CXX_LANGUAGE_STANDARD = "gnu++17";
				CLANG_ENABLE_MODULES = YES;
				CLANG_ENABLE_OBJC_ARC = YES;
				CLANG_ENABLE_OBJC_WEAK = YES;
				CLANG_WARN_BLOCK_CAPTURE_AUTORELEASING = YES;
				CLANG_WARN_BOOL_CONVERSION = YES;
				CLANG_WARN_COMMA = YES;
				CLANG_WARN_CONSTANT_CONVERSION = YES;
				CLANG_WARN_DEPRECATED_OBJC_IMPLEMENTATIONS = YES;
				CLANG_WARN_DIRECT_OBJC_ISA_USAGE = YES_ERROR;
				CLANG_WARN_DOCUMENTATION_COMMENTS = YES;
				CLANG_WARN_EMPTY_BODY = YES;
				CLANG_WARN_ENUM_CONVERSION = YES;
				CLANG_WARN_INFINITE_RECURSION = YES;
				CLANG_WARN_INT_CONVERSION = YES;
				CLANG_WARN_NON_LITERAL_NULL_CONVERSION = YES;
				CLANG_WARN_OBJC_IMPLICIT_RETAIN_SELF = YES;
				CLANG_WARN_OBJC_LITERAL_CONVERSION = YES;
				CLANG_WARN_OBJC_ROOT_CLASS = YES_ERROR;
				CLANG_WARN_QUOTED_INCLUDE_IN_FRAMEWORK_HEADER = YES;
				CLANG_WARN_RANGE_LOOP_ANALYSIS = YES;
				CLANG_WARN_STRICT_PROTOTYPES = YES;
				CLANG_WARN_SUSPICIOUS_MOVE = YES;
				CLANG_WARN_UNGUARDED_AVAILABILITY = YES_AGGRESSIVE;
				CLANG_WARN_UNREACHABLE_CODE = YES;
				CLANG_WARN__DUPLICATE_METHOD_MATCH = YES;
				COPY_PHASE_STRIP = NO;
				DEBUG_INFORMATION_FORMAT = "dwarf-with-dsym";
				ENABLE_NS_ASSERTIONS = NO;
				ENABLE_STRICT_OBJC_MSGSEND = YES;
				GCC_C_LANGUAGE_STANDARD = gnu11;
				GCC_NO_COMMON_BLOCKS = YES;
				GCC_WARN_64_TO_32_BIT_CONVERSION = YES;
				GCC_WARN_ABOUT_RETURN_TYPE = YES_ERROR;
				GCC_WARN_UNDECLARED_SELECTOR = YES;
				GCC_WARN_UNINITIALIZED_AUTOS = YES_AGGRESSIVE;
				GCC_WARN_UNUSED_FUNCTION = YES;
				GCC_WARN_UNUSED_VARIABLE = YES;
				IPHONEOS_DEPLOYMENT_TARGET = 15.5;
				MTL_ENABLE_DEBUG_INFO = NO;
				MTL_FAST_MATH = YES;
				SDKROOT = iphoneos;
				SWIFT_COMPILATION_MODE = wholemodule;
				SWIFT_OPTIMIZATION_LEVEL = "-O";
				VALIDATE_PRODUCT = YES;
			};
			name = Release;
		};
		C7F1465D283A7A8E000B65BC /* Debug */ = {
			isa = XCBuildConfiguration;
			buildSettings = {
				ASSETCATALOG_COMPILER_APPICON_NAME = AppIcon;
				ASSETCATALOG_COMPILER_GLOBAL_ACCENT_COLOR_NAME = AccentColor;
				CODE_SIGN_STYLE = Automatic;
				CURRENT_PROJECT_VERSION = 1;
				DEVELOPMENT_ASSET_PATHS = "\"ElectTask/Preview Content\"";
				ENABLE_PREVIEWS = YES;
				GENERATE_INFOPLIST_FILE = YES;
				INFOPLIST_KEY_UIApplicationSceneManifest_Generation = YES;
				INFOPLIST_KEY_UIApplicationSupportsIndirectInputEvents = YES;
				INFOPLIST_KEY_UILaunchScreen_Generation = YES;
				INFOPLIST_KEY_UISupportedInterfaceOrientations_iPad = "UIInterfaceOrientationPortrait UIInterfaceOrientationPortraitUpsideDown UIInterfaceOrientationLandscapeLeft UIInterfaceOrientationLandscapeRight";
				INFOPLIST_KEY_UISupportedInterfaceOrientations_iPhone = "UIInterfaceOrientationPortrait UIInterfaceOrientationLandscapeLeft UIInterfaceOrientationLandscapeRight";
				LD_RUNPATH_SEARCH_PATHS = (
					"$(inherited)",
					"@executable_path/Frameworks",
				);
				MARKETING_VERSION = 1.0;
				PRODUCT_BUNDLE_IDENTIFIER = RandAmro.ElectTask;
				PRODUCT_NAME = "$(TARGET_NAME)";
				SWIFT_EMIT_LOC_STRINGS = YES;
				SWIFT_VERSION = 5.0;
				TARGETED_DEVICE_FAMILY = "1,2";
			};
			name = Debug;
		};
		C7F1465E283A7A8E000B65BC /* Release */ = {
			isa = XCBuildConfiguration;
			buildSettings = {
				ASSETCATALOG_COMPILER_APPICON_NAME = AppIcon;
				ASSETCATALOG_COMPILER_GLOBAL_ACCENT_COLOR_NAME = AccentColor;
				CODE_SIGN_STYLE = Automatic;
				CURRENT_PROJECT_VERSION = 1;
				DEVELOPMENT_ASSET_PATHS = "\"ElectTask/Preview Content\"";
				ENABLE_PREVIEWS = YES;
				GENERATE_INFOPLIST_FILE = YES;
				INFOPLIST_KEY_UIApplicationSceneManifest_Generation = YES;
				INFOPLIST_KEY_UIApplicationSupportsIndirectInputEvents = YES;
				INFOPLIST_KEY_UILaunchScreen_Generation = YES;
				INFOPLIST_KEY_UISupportedInterfaceOrientations_iPad = "UIInterfaceOrientationPortrait UIInterfaceOrientationPortraitUpsideDown UIInterfaceOrientationLandscapeLeft UIInterfaceOrientationLandscapeRight";
				INFOPLIST_KEY_UISupportedInterfaceOrientations_iPhone = "UIInterfaceOrientationPortrait UIInterfaceOrientationLandscapeLeft UIInterfaceOrientationLandscapeRight";
				LD_RUNPATH_SEARCH_PATHS = (
					"$(inherited)",
					"@executable_path/Frameworks",
				);
				MARKETING_VERSION = 1.0;
				PRODUCT_BUNDLE_IDENTIFIER = RandAmro.ElectTask;
				PRODUCT_NAME = "$(TARGET_NAME)";
				SWIFT_EMIT_LOC_STRINGS = YES;
				SWIFT_VERSION = 5.0;
				TARGETED_DEVICE_FAMILY = "1,2";
			};
			name = Release;
		};
/* End XCBuildConfiguration section */

/* Begin XCConfigurationList section */
		C7F14649283A7A8B000B65BC /* Build configuration list for PBXProject "ElectTask" */ = {
			isa = XCConfigurationList;
			buildConfigurations = (
				C7F1465A283A7A8E000B65BC /* Debug */,
				C7F1465B283A7A8E000B65BC /* Release */,
			);
			defaultConfigurationIsVisible = 0;
			defaultConfigurationName = Release;
		};
		C7F1465C283A7A8E000B65BC /* Build configuration list for PBXNativeTarget "ElectTask" */ = {
			isa = XCConfigurationList;
			buildConfigurations = (
				C7F1465D283A7A8E000B65BC /* Debug */,
				C7F1465E283A7A8E000B65BC /* Release */,
			);
			defaultConfigurationIsVisible = 0;
			defaultConfigurationName = Release;
		};
/* End XCConfigurationList section */
	};
	rootObject = C7F14646283A7A8B000B65BC /* Project object */;
}
